// !$*UTF8*$!
{
	archiveVersion = 1;
	classes = {
	};
	objectVersion = 46;
	objects = {

/* Begin PBXBuildFile section */
		65E547441F27FBB900B621AD /* AppDelegate.swift in Sources */ = {isa = PBXBuildFile; fileRef = 65E547431F27FBB900B621AD /* AppDelegate.swift */; };
		65E547461F27FBB900B621AD /* ViewController.swift in Sources */ = {isa = PBXBuildFile; fileRef = 65E547451F27FBB900B621AD /* ViewController.swift */; };
		65E547491F27FBB900B621AD /* Main.storyboard in Resources */ = {isa = PBXBuildFile; fileRef = 65E547471F27FBB900B621AD /* Main.storyboard */; };
		65E5474B1F27FBB900B621AD /* Assets.xcassets in Resources */ = {isa = PBXBuildFile; fileRef = 65E5474A1F27FBB900B621AD /* Assets.xcassets */; };
		65E5474E1F27FBB900B621AD /* LaunchScreen.storyboard in Resources */ = {isa = PBXBuildFile; fileRef = 65E5474C1F27FBB900B621AD /* LaunchScreen.storyboard */; };
		65E547581F29148D00B621AD /* button1.wav in Resources */ = {isa = PBXBuildFile; fileRef = 65E547571F29148D00B621AD /* button1.wav */; };
/* End PBXBuildFile section */

/* Begin PBXFileReference section */
		65E547401F27FBB900B621AD /* DoCalc.app */ = {isa = PBXFileReference; explicitFileType = wrapper.application; includeInIndex = 0; path = DoCalc.app; sourceTree = BUILT_PRODUCTS_DIR; };
		65E547431F27FBB900B621AD /* AppDelegate.swift */ = {isa = PBXFileReference; lastKnownFileType = sourcecode.swift; path = AppDelegate.swift; sourceTree = "<group>"; };
		65E547451F27FBB900B621AD /* ViewController.swift */ = {isa = PBXFileReference; lastKnownFileType = sourcecode.swift; path = ViewController.swift; sourceTree = "<group>"; };
		65E547481F27FBB900B621AD /* Base */ = {isa = PBXFileReference; lastKnownFileType = file.storyboard; name = Base; path = Base.lproj/Main.storyboard; sourceTree = "<group>"; };
		65E5474A1F27FBB900B621AD /* Assets.xcassets */ = {isa = PBXFileReference; lastKnownFileType = folder.assetcatalog; path = Assets.xcassets; sourceTree = "<group>"; };
		65E5474D1F27FBB900B621AD /* Base */ = {isa = PBXFileReference; lastKnownFileType = file.storyboard; name = Base; path = Base.lproj/LaunchScreen.storyboard; sourceTree = "<group>"; };
		65E5474F1F27FBB900B621AD /* Info.plist */ = {isa = PBXFileReference; lastKnownFileType = text.plist.xml; path = Info.plist; sourceTree = "<group>"; };
		65E547561F29147C00B621AD /* ADDECRG_.TTF */ = {isa = PBXFileReference; lastKnownFileType = file; path = ADDECRG_.TTF; sourceTree = "<group>"; };
		65E547571F29148D00B621AD /* button1.wav */ = {isa = PBXFileReference; lastKnownFileType = audio.wav; path = button1.wav; sourceTree = "<group>"; };
/* End PBXFileReference section */

/* Begin PBXFrameworksBuildPhase section */
		65E5473D1F27FBB900B621AD /* Frameworks */ = {
			isa = PBXFrameworksBuildPhase;
			buildActionMask = 2147483647;
			files = (
			);
			runOnlyForDeploymentPostprocessing = 0;
		};
/* End PBXFrameworksBuildPhase section */

/* Begin PBXGroup section */
		65E547371F27FBB900B621AD = {
			isa = PBXGroup;
			children = (
				65E547421F27FBB900B621AD /* DoCalc */,
				65E547411F27FBB900B621AD /* Products */,
			);
			sourceTree = "<group>";
		};
		65E547411F27FBB900B621AD /* Products */ = {
			isa = PBXGroup;
			children = (
				65E547401F27FBB900B621AD /* DoCalc.app */,
			);
			name = Products;
			sourceTree = "<group>";
		};
		65E547421F27FBB900B621AD /* DoCalc */ = {
			isa = PBXGroup;
			children = (
				65E547431F27FBB900B621AD /* AppDelegate.swift */,
				65E547561F29147C00B621AD /* ADDECRG_.TTF */,
				65E547571F29148D00B621AD /* button1.wav */,
				65E547451F27FBB900B621AD /* ViewController.swift */,
				65E547471F27FBB900B621AD /* Main.storyboard */,
				65E5474A1F27FBB900B621AD /* Assets.xcassets */,
				65E5474C1F27FBB900B621AD /* LaunchScreen.storyboard */,
				65E5474F1F27FBB900B621AD /* Info.plist */,
			);
			path = DoCalc;
			sourceTree = "<group>";
		};
/* End PBXGroup section */

/* Begin PBXNativeTarget section */
		65E5473F1F27FBB900B621AD /* DoCalc */ = {
			isa = PBXNativeTarget;
			buildConfigurationList = 65E547521F27FBB900B621AD /* Build configuration list for PBXNativeTarget "DoCalc" */;
			buildPhases = (
				65E5473C1F27FBB900B621AD /* Sources */,
				65E5473D1F27FBB900B621AD /* Frameworks */,
				65E5473E1F27FBB900B621AD /* Resources */,
			);
			buildRules = (
			);
			dependencies = (
			);
			name = DoCalc;
			productName = DoCalc;
			productReference = 65E547401F27FBB900B621AD /* DoCalc.app */;
			productType = "com.apple.product-type.application";
		};
/* End PBXNativeTarget section */

/* Begin PBXProject section */
		65E547381F27FBB900B621AD /* Project object */ = {
			isa = PBXProject;
			attributes = {
				LastSwiftUpdateCheck = 0830;
				LastUpgradeCheck = 0830;
				ORGANIZATIONNAME = "Ravi Pinamacha";
				TargetAttributes = {
					65E5473F1F27FBB900B621AD = {
						CreatedOnToolsVersion = 8.3.3;
						DevelopmentTeam = 6EZM43FG2R;
						ProvisioningStyle = Automatic;
					};
				};
			};
			buildConfigurationList = 65E5473B1F27FBB900B621AD /* Build configuration list for PBXProject "DoCalc" */;
			compatibilityVersion = "Xcode 3.2";
			developmentRegion = English;
			hasScannedForEncodings = 0;
			knownRegions = (
				en,
				Base,
			);
			mainGroup = 65E547371F27FBB900B621AD;
			productRefGroup = 65E547411F27FBB900B621AD /* Products */;
			projectDirPath = "";
			projectRoot = "";
			targets = (
				65E5473F1F27FBB900B621AD /* DoCalc */,
			);
		};
/* End PBXProject section */

/* Begin PBXResourcesBuildPhase section */
		65E5473E1F27FBB900B621AD /* Resources */ = {
			isa = PBXResourcesBuildPhase;
			buildActionMask = 2147483647;
			files = (
				65E547581F29148D00B621AD /* button1.wav in Resources */,
				65E5474E1F27FBB900B621AD /* LaunchScreen.storyboard in Resources */,
				65E5474B1F27FBB900B621AD /* Assets.xcassets in Resources */,
				65E547491F27FBB900B621AD /* Main.storyboard in Resources */,
			);
			runOnlyForDeploymentPostprocessing = 0;
		};
/* End PBXResourcesBuildPhase section */

/* Begin PBXSourcesBuildPhase section */
		65E5473C1F27FBB900B621AD /* Sources */ = {
			isa = PBXSourcesBuildPhase;
			buildActionMask = 2147483647;
			files = (
				65E547461F27FBB900B621AD /* ViewController.swift in Sources */,
				65E547441F27FBB900B621AD /* AppDelegate.swift in Sources */,
			);
			runOnlyForDeploymentPostprocessing = 0;
		};
/* End PBXSourcesBuildPhase section */

/* Begin PBXVariantGroup section */
		65E547471F27FBB900B621AD /* Main.storyboard */ = {
			isa = PBXVariantGroup;
			children = (
				65E547481F27FBB900B621AD /* Base */,
			);
			name = Main.storyboard;
			sourceTree = "<group>";
		};
		65E5474C1F27FBB900B621AD /* LaunchScreen.storyboard */ = {
			isa = PBXVariantGroup;
			children = (
				65E5474D1F27FBB900B621AD /* Base */,
			);
			name = LaunchScreen.storyboard;
			sourceTree = "<group>";
		};
/* End PBXVariantGroup section */

/* Begin XCBuildConfiguration section */
		65E547501F27FBB900B621AD /* Debug */ = {
			isa = XCBuildConfiguration;
			buildSettings = {
				ALWAYS_SEARCH_USER_PATHS = NO;
				CLANG_ANALYZER_NONNULL = YES;
				CLANG_ANALYZER_NUMBER_OBJECT_CONVERSION = YES_AGGRESSIVE;
				CLANG_CXX_LANGUAGE_STANDARD = "gnu++0x";
				CLANG_CXX_LIBRARY = "libc++";
				CLANG_ENABLE_MODULES = YES;
				CLANG_ENABLE_OBJC_ARC = YES;
				CLANG_WARN_BOOL_CONVERSION = YES;
				CLANG_WARN_CONSTANT_CONVERSION = YES;
				CLANG_WARN_DIRECT_OBJC_ISA_USAGE = YES_ERROR;
				CLANG_WARN_DOCUMENTATION_COMMENTS = YES;
				CLANG_WARN_EMPTY_BODY = YES;
				CLANG_WARN_ENUM_CONVERSION = YES;
				CLANG_WARN_INFINITE_RECURSION = YES;
				CLANG_WARN_INT_CONVERSION = YES;
				CLANG_WARN_OBJC_ROOT_CLASS = YES_ERROR;
				CLANG_WARN_SUSPICIOUS_MOVE = YES;
				CLANG_WARN_UNREACHABLE_CODE = YES;
				CLANG_WARN__DUPLICATE_METHOD_MATCH = YES;
				"CODE_SIGN_IDENTITY[sdk=iphoneos*]" = "iPhone Developer";
				COPY_PHASE_STRIP = NO;
				DEBUG_INFORMATION_FORMAT = dwarf;
				ENABLE_STRICT_OBJC_MSGSEND = YES;
				ENABLE_TESTABILITY = YES;
				GCC_C_LANGUAGE_STANDARD = gnu99;
				GCC_DYNAMIC_NO_PIC = NO;
				GCC_NO_COMMON_BLOCKS = YES;
				GCC_OPTIMIZATION_LEVEL = 0;
				GCC_PREPROCESSOR_DEFINITIONS = (
					"DEBUG=1",
					"$(inherited)",
				);
				GCC_WARN_64_TO_32_BIT_CONVERSION = YES;
				GCC_WARN_ABOUT_RETURN_TYPE = YES_ERROR;
				GCC_WARN_UNDECLARED_SELECTOR = YES;
				GCC_WARN_UNINITIALIZED_AUTOS = YES_AGGRESSIVE;
				GCC_WARN_UNUSED_FUNCTION = YES;
				GCC_WARN_UNUSED_VARIABLE = YES;
				IPHONEOS_DEPLOYMENT_TARGET = 10.3;
				MTL_ENABLE_DEBUG_INFO = YES;
				ONLY_ACTIVE_ARCH = YES;
				SDKROOT = iphoneos;
				SWIFT_ACTIVE_COMPILATION_CONDITIONS = DEBUG;
				SWIFT_OPTIMIZATION_LEVEL = "-Onone";
				TARGETED_DEVICE_FAMILY = "1,2";
			};
			name = Debug;
		};
		65E547511F27FBB900B621AD /* Release */ = {
			isa = XCBuildConfiguration;
			buildSettings = {
				ALWAYS_SEARCH_USER_PATHS = NO;
				CLANG_ANALYZER_NONNULL = YES;
				CLANG_ANALYZER_NUMBER_OBJECT_CONVERSION = YES_AGGRESSIVE;
				CLANG_CXX_LANGUAGE_STANDARD = "gnu++0x";
				CLANG_CXX_LIBRARY = "libc++";
				CLANG_ENABLE_MODULES = YES;
				CLANG_ENABLE_OBJC_ARC = YES;
				CLANG_WARN_BOOL_CONVERSION = YES;
				CLANG_WARN_CONSTANT_CONVERSION = YES;
				CLANG_WARN_DIRECT_OBJC_ISA_USAGE = YES_ERROR;
				CLANG_WARN_DOCUMENTATION_COMMENTS = YES;
				CLANG_WARN_EMPTY_BODY = YES;
				CLANG_WARN_ENUM_CONVERSION = YES;
				CLANG_WARN_INFINITE_RECURSION = YES;
				CLANG_WARN_INT_CONVERSION = YES;
				CLANG_WARN_OBJC_ROOT_CLASS = YES_ERROR;
				CLANG_WARN_SUSPICIOUS_MOVE = YES;
				CLANG_WARN_UNREACHABLE_CODE = YES;
				CLANG_WARN__DUPLICATE_METHOD_MATCH = YES;
				"CODE_SIGN_IDENTITY[sdk=iphoneos*]" = "iPhone Developer";
				COPY_PHASE_STRIP = NO;
				DEBUG_INFORMATION_FORMAT = "dwarf-with-dsym";
				ENABLE_NS_ASSERTIONS = NO;
				ENABLE_STRICT_OBJC_MSGSEND = YES;
				GCC_C_LANGUAGE_STANDARD = gnu99;
				GCC_NO_COMMON_BLOCKS = YES;
				GCC_WARN_64_TO_32_BIT_CONVERSION = YES;
				GCC_WARN_ABOUT_RETURN_TYPE = YES_ERROR;
				GCC_WARN_UNDECLARED_SELECTOR = YES;
				GCC_WARN_UNINITIALIZED_AUTOS = YES_AGGRESSIVE;
				GCC_WARN_UNUSED_FUNCTION = YES;
				GCC_WARN_UNUSED_VARIABLE = YES;
				IPHONEOS_DEPLOYMENT_TARGET = 10.3;
				MTL_ENABLE_DEBUG_INFO = NO;
				SDKROOT = iphoneos;
				SWIFT_OPTIMIZATION_LEVEL = "-Owholemodule";
				TARGETED_DEVICE_FAMILY = "1,2";
				VALIDATE_PRODUCT = YES;
			};
			name = Release;
		};
		65E547531F27FBB900B621AD /* Debug */ = {
			isa = XCBuildConfiguration;
			buildSettings = {
				ASSETCATALOG_COMPILER_APPICON_NAME = AppIcon;
				DEVELOPMENT_TEAM = 6EZM43FG2R;
				INFOPLIST_FILE = DoCalc/Info.plist;
				LD_RUNPATH_SEARCH_PATHS = "$(inherited) @executable_path/Frameworks";
				PRODUCT_BUNDLE_IDENTIFIER = com.iosapps.DoCalc;
				PRODUCT_NAME = "$(TARGET_NAME)";
				SWIFT_VERSION = 3.0;
			};
			name = Debug;
		};
		65E547541F27FBB900B621AD /* Release */ = {
			isa = XCBuildConfiguration;
			buildSettings = {
				ASSETCATALOG_COMPILER_APPICON_NAME = AppIcon;
				DEVELOPMENT_TEAM = 6EZM43FG2R;
				INFOPLIST_FILE = DoCalc/Info.plist;
				LD_RUNPATH_SEARCH_PATHS = "$(inherited) @executable_path/Frameworks";
				PRODUCT_BUNDLE_IDENTIFIER = com.iosapps.DoCalc;
				PRODUCT_NAME = "$(TARGET_NAME)";
				SWIFT_VERSION = 3.0;
			};
			name = Release;
		};
/* End XCBuildConfiguration section */

/* Begin XCConfigurationList section */
		65E5473B1F27FBB900B621AD /* Build configuration list for PBXProject "DoCalc" */ = {
			isa = XCConfigurationList;
			buildConfigurations = (
				65E547501F27FBB900B621AD /* Debug */,
				65E547511F27FBB900B621AD /* Release */,
			);
			defaultConfigurationIsVisible = 0;
			defaultConfigurationName = Release;
		};
		65E547521F27FBB900B621AD /* Build configuration list for PBXNativeTarget "DoCalc" */ = {
			isa = XCConfigurationList;
			buildConfigurations = (
				65E547531F27FBB900B621AD /* Debug */,
				65E547541F27FBB900B621AD /* Release */,
			);
			defaultConfigurationIsVisible = 0;
			defaultConfigurationName = Release;
		};
/* End XCConfigurationList section */
	};
	rootObject = 65E547381F27FBB900B621AD /* Project object */;
}
